
Microsoft Visual Studio Solution File, Format Version 12.00
# Visual Studio 14
VisualStudioVersion = 14.0.25420.1
MinimumVisualStudioVersion = 10.0.40219.1
Project("{FAE04EC0-301F-11D3-BF4B-00C04F79EFBC}") = "UAS_Encapsulation", "UAS_Encapsulation\UAS_Encapsulation.csproj", "{D2BEBFF6-E23F-4E03-AF72-4103BF6AA28C}"
EndProject
Global
	GlobalSection(SolutionConfigurationPlatforms) = preSolution
		Debug|Any CPU = Debug|Any CPU
		Release|Any CPU = Release|Any CPU
	EndGlobalSection
	GlobalSection(ProjectConfigurationPlatforms) = postSolution
		{D2BEBFF6-E23F-4E03-AF72-4103BF6AA28C}.Debug|Any CPU.ActiveCfg = Debug|Any CPU
		{D2BEBFF6-E23F-4E03-AF72-4103BF6AA28C}.Debug|Any CPU.Build.0 = Debug|Any CPU
		{D2BEBFF6-E23F-4E03-AF72-4103BF6AA28C}.Release|Any CPU.ActiveCfg = Release|Any CPU
		{D2BEBFF6-E23F-4E03-AF72-4103BF6AA28C}.Release|Any CPU.Build.0 = Release|Any CPU
	EndGlobalSection
	GlobalSection(SolutionProperties) = preSolution
		HideSolutionNode = FALSE
	EndGlobalSection
EndGlobal
